
Microsoft Visual Studio Solution File, Format Version 12.00
Project("{FAE04EC0-301F-11D3-BF4B-00C04F79EFBC}") = "VacationManagerApp", "VacationManagerApp\VacationManagerApp.csproj", "{923BFAA2-BD4C-4D90-A251-78EC6ACF0DAB}"
EndProject
Global
	GlobalSection(SolutionConfigurationPlatforms) = preSolution
		Debug|Any CPU = Debug|Any CPU
		Release|Any CPU = Release|Any CPU
	EndGlobalSection
	GlobalSection(ProjectConfigurationPlatforms) = postSolution
		{923BFAA2-BD4C-4D90-A251-78EC6ACF0DAB}.Debug|Any CPU.ActiveCfg = Debug|Any CPU
		{923BFAA2-BD4C-4D90-A251-78EC6ACF0DAB}.Debug|Any CPU.Build.0 = Debug|Any CPU
		{923BFAA2-BD4C-4D90-A251-78EC6ACF0DAB}.Release|Any CPU.ActiveCfg = Release|Any CPU
		{923BFAA2-BD4C-4D90-A251-78EC6ACF0DAB}.Release|Any CPU.Build.0 = Release|Any CPU
	EndGlobalSection
EndGlobal
